
Microsoft Visual Studio Solution File, Format Version 11.00
# Visual Studio 2010
Project("{8BC9CEB8-8B4A-11D0-8D11-00A0C91BC942}") = "ocl_lastprivate", "ocl_lastprivate\ocl_lastprivate.vcxproj", "{B4DB5F1D-6502-4856-85E5-1B67A0D6B5E4}"
EndProject
Global
	GlobalSection(SolutionConfigurationPlatforms) = preSolution
		Debug|Win32 = Debug|Win32
		Release|Win32 = Release|Win32
	EndGlobalSection
	GlobalSection(ProjectConfigurationPlatforms) = postSolution
		{B4DB5F1D-6502-4856-85E5-1B67A0D6B5E4}.Debug|Win32.ActiveCfg = Debug|Win32
		{B4DB5F1D-6502-4856-85E5-1B67A0D6B5E4}.Debug|Win32.Build.0 = Debug|Win32
		{B4DB5F1D-6502-4856-85E5-1B67A0D6B5E4}.Release|Win32.ActiveCfg = Release|Win32
		{B4DB5F1D-6502-4856-85E5-1B67A0D6B5E4}.Release|Win32.Build.0 = Release|Win32
	EndGlobalSection
	GlobalSection(SolutionProperties) = preSolution
		HideSolutionNode = FALSE
	EndGlobalSection
EndGlobal
